
Microsoft Visual Studio Solution File, Format Version 12.00
# Visual Studio Version 17
VisualStudioVersion = 17.7.34024.191
MinimumVisualStudioVersion = 10.0.40219.1
Project("{9A19103F-16F7-4668-BE54-9A1E7A4F7556}") = "part1", "part1\part1.csproj", "{4DC7C366-3EBD-401D-8222-2DDB6FA6E60D}"
EndProject
Project("{9A19103F-16F7-4668-BE54-9A1E7A4F7556}") = "part2", "part2\part2.csproj", "{3F16DF48-C93B-4153-BC1F-D6F2DD35DD7E}"
EndProject
Project("{FAE04EC0-301F-11D3-BF4B-00C04F79EFBC}") = "part3", "part3\part3.csproj", "{B3133EF4-9FA3-40A2-913C-94A022BFA695}"
EndProject
Global
	GlobalSection(SolutionConfigurationPlatforms) = preSolution
		Debug|Any CPU = Debug|Any CPU
		Release|Any CPU = Release|Any CPU
	EndGlobalSection
	GlobalSection(ProjectConfigurationPlatforms) = postSolution
		{4DC7C366-3EBD-401D-8222-2DDB6FA6E60D}.Debug|Any CPU.ActiveCfg = Debug|Any CPU
		{4DC7C366-3EBD-401D-8222-2DDB6FA6E60D}.Debug|Any CPU.Build.0 = Debug|Any CPU
		{4DC7C366-3EBD-401D-8222-2DDB6FA6E60D}.Release|Any CPU.ActiveCfg = Release|Any CPU
		{4DC7C366-3EBD-401D-8222-2DDB6FA6E60D}.Release|Any CPU.Build.0 = Release|Any CPU
		{3F16DF48-C93B-4153-BC1F-D6F2DD35DD7E}.Debug|Any CPU.ActiveCfg = Debug|Any CPU
		{3F16DF48-C93B-4153-BC1F-D6F2DD35DD7E}.Debug|Any CPU.Build.0 = Debug|Any CPU
		{3F16DF48-C93B-4153-BC1F-D6F2DD35DD7E}.Release|Any CPU.ActiveCfg = Release|Any CPU
		{3F16DF48-C93B-4153-BC1F-D6F2DD35DD7E}.Release|Any CPU.Build.0 = Release|Any CPU
		{B3133EF4-9FA3-40A2-913C-94A022BFA695}.Debug|Any CPU.ActiveCfg = Debug|Any CPU
		{B3133EF4-9FA3-40A2-913C-94A022BFA695}.Debug|Any CPU.Build.0 = Debug|Any CPU
		{B3133EF4-9FA3-40A2-913C-94A022BFA695}.Release|Any CPU.ActiveCfg = Release|Any CPU
		{B3133EF4-9FA3-40A2-913C-94A022BFA695}.Release|Any CPU.Build.0 = Release|Any CPU
	EndGlobalSection
	GlobalSection(SolutionProperties) = preSolution
		HideSolutionNode = FALSE
	EndGlobalSection
	GlobalSection(ExtensibilityGlobals) = postSolution
		SolutionGuid = {60077309-D344-4D3F-9566-696523B4C923}
	EndGlobalSection
EndGlobal
